
Microsoft Visual Studio Solution File, Format Version 12.00
# Visual Studio 15
VisualStudioVersion = 15.0.28307.421
MinimumVisualStudioVersion = 10.0.40219.1
Project("{FAE04EC0-301F-11D3-BF4B-00C04F79EFBC}") = "teamgrape_assignment1", "teamgrape_assignment1\teamgrape_assignment1.csproj", "{A01B32C6-446A-41D1-B125-50E632AD0803}"
EndProject
Global
	GlobalSection(SolutionConfigurationPlatforms) = preSolution
		Debug|Any CPU = Debug|Any CPU
		Release|Any CPU = Release|Any CPU
	EndGlobalSection
	GlobalSection(ProjectConfigurationPlatforms) = postSolution
		{A01B32C6-446A-41D1-B125-50E632AD0803}.Debug|Any CPU.ActiveCfg = Debug|Any CPU
		{A01B32C6-446A-41D1-B125-50E632AD0803}.Debug|Any CPU.Build.0 = Debug|Any CPU
		{A01B32C6-446A-41D1-B125-50E632AD0803}.Release|Any CPU.ActiveCfg = Release|Any CPU
		{A01B32C6-446A-41D1-B125-50E632AD0803}.Release|Any CPU.Build.0 = Release|Any CPU
	EndGlobalSection
	GlobalSection(SolutionProperties) = preSolution
		HideSolutionNode = FALSE
	EndGlobalSection
	GlobalSection(ExtensibilityGlobals) = postSolution
		SolutionGuid = {C193F0AE-D606-484A-ADC6-EE127DA5D6D4}
	EndGlobalSection
EndGlobal
